
Microsoft Visual Studio Solution File, Format Version 12.00
Project("{FAE04EC0-301F-11D3-BF4B-00C04F79EFBC}") = "CatalanaCounterCSharp", "CatalanaCounterCSharp\CatalanaCounterCSharp.csproj", "{A9270059-54F0-4BB3-9ECA-A7B58B19487A}"
EndProject
Project("{FAE04EC0-301F-11D3-BF4B-00C04F79EFBC}") = "CatalanaCounterCSharp.Tests", "CatalanaCounterCSharp.Tests\CatalanaCounterCSharp.Tests.csproj", "{6F736138-2D9B-4310-8DED-F97D954FAECD}"
EndProject
Global
	GlobalSection(SolutionConfigurationPlatforms) = preSolution
		Debug|Any CPU = Debug|Any CPU
		Release|Any CPU = Release|Any CPU
	EndGlobalSection
	GlobalSection(ProjectConfigurationPlatforms) = postSolution
		{A9270059-54F0-4BB3-9ECA-A7B58B19487A}.Debug|Any CPU.ActiveCfg = Debug|Any CPU
		{A9270059-54F0-4BB3-9ECA-A7B58B19487A}.Debug|Any CPU.Build.0 = Debug|Any CPU
		{A9270059-54F0-4BB3-9ECA-A7B58B19487A}.Release|Any CPU.ActiveCfg = Release|Any CPU
		{A9270059-54F0-4BB3-9ECA-A7B58B19487A}.Release|Any CPU.Build.0 = Release|Any CPU
		{6F736138-2D9B-4310-8DED-F97D954FAECD}.Debug|Any CPU.ActiveCfg = Debug|Any CPU
		{6F736138-2D9B-4310-8DED-F97D954FAECD}.Debug|Any CPU.Build.0 = Debug|Any CPU
		{6F736138-2D9B-4310-8DED-F97D954FAECD}.Release|Any CPU.ActiveCfg = Release|Any CPU
		{6F736138-2D9B-4310-8DED-F97D954FAECD}.Release|Any CPU.Build.0 = Release|Any CPU
	EndGlobalSection
	GlobalSection(NestedProjects) = preSolution
	EndGlobalSection
EndGlobal
